
Microsoft Visual Studio Solution File, Format Version 12.00
# Visual Studio 15
VisualStudioVersion = 15.0.28010.2041
MinimumVisualStudioVersion = 10.0.40219.1
Project("{FAE04EC0-301F-11D3-BF4B-00C04F79EFBC}") = "Day16Exceptions-StringtoInteger", "Day16Exceptions-StringtoInteger\Day16Exceptions-StringtoInteger.csproj", "{5F236EE6-1918-440F-A954-64EF0C7F17DB}"
EndProject
Global
	GlobalSection(SolutionConfigurationPlatforms) = preSolution
		Debug|Any CPU = Debug|Any CPU
		Release|Any CPU = Release|Any CPU
	EndGlobalSection
	GlobalSection(ProjectConfigurationPlatforms) = postSolution
		{5F236EE6-1918-440F-A954-64EF0C7F17DB}.Debug|Any CPU.ActiveCfg = Debug|Any CPU
		{5F236EE6-1918-440F-A954-64EF0C7F17DB}.Debug|Any CPU.Build.0 = Debug|Any CPU
		{5F236EE6-1918-440F-A954-64EF0C7F17DB}.Release|Any CPU.ActiveCfg = Release|Any CPU
		{5F236EE6-1918-440F-A954-64EF0C7F17DB}.Release|Any CPU.Build.0 = Release|Any CPU
	EndGlobalSection
	GlobalSection(SolutionProperties) = preSolution
		HideSolutionNode = FALSE
	EndGlobalSection
	GlobalSection(ExtensibilityGlobals) = postSolution
		SolutionGuid = {07637D47-3A41-427D-B8A8-A680B5CA18AA}
	EndGlobalSection
EndGlobal
