
Microsoft Visual Studio Solution File, Format Version 12.00
# Visual Studio 15
VisualStudioVersion = 15.0.28010.2041
MinimumVisualStudioVersion = 10.0.40219.1
Project("{FAE04EC0-301F-11D3-BF4B-00C04F79EFBC}") = "CountingValleys", "CountingValleys\CountingValleys.csproj", "{6AA4C6E4-734F-4598-8D9A-574533A11C90}"
EndProject
Global
	GlobalSection(SolutionConfigurationPlatforms) = preSolution
		Debug|Any CPU = Debug|Any CPU
		Release|Any CPU = Release|Any CPU
	EndGlobalSection
	GlobalSection(ProjectConfigurationPlatforms) = postSolution
		{6AA4C6E4-734F-4598-8D9A-574533A11C90}.Debug|Any CPU.ActiveCfg = Debug|Any CPU
		{6AA4C6E4-734F-4598-8D9A-574533A11C90}.Debug|Any CPU.Build.0 = Debug|Any CPU
		{6AA4C6E4-734F-4598-8D9A-574533A11C90}.Release|Any CPU.ActiveCfg = Release|Any CPU
		{6AA4C6E4-734F-4598-8D9A-574533A11C90}.Release|Any CPU.Build.0 = Release|Any CPU
	EndGlobalSection
	GlobalSection(SolutionProperties) = preSolution
		HideSolutionNode = FALSE
	EndGlobalSection
	GlobalSection(ExtensibilityGlobals) = postSolution
		SolutionGuid = {BF64C5C2-187C-4B0D-BD39-2C9DB92362E7}
	EndGlobalSection
EndGlobal
