
Microsoft Visual Studio Solution File, Format Version 12.00
# Visual Studio 15
VisualStudioVersion = 15.0.28010.2041
MinimumVisualStudioVersion = 10.0.40219.1
Project("{FAE04EC0-301F-11D3-BF4B-00C04F79EFBC}") = "JumpingontheClouds", "JumpingontheClouds\JumpingontheClouds.csproj", "{E9F3CEEB-81C1-437F-AA26-10E84137216B}"
EndProject
Global
	GlobalSection(SolutionConfigurationPlatforms) = preSolution
		Debug|Any CPU = Debug|Any CPU
		Release|Any CPU = Release|Any CPU
	EndGlobalSection
	GlobalSection(ProjectConfigurationPlatforms) = postSolution
		{E9F3CEEB-81C1-437F-AA26-10E84137216B}.Debug|Any CPU.ActiveCfg = Debug|Any CPU
		{E9F3CEEB-81C1-437F-AA26-10E84137216B}.Debug|Any CPU.Build.0 = Debug|Any CPU
		{E9F3CEEB-81C1-437F-AA26-10E84137216B}.Release|Any CPU.ActiveCfg = Release|Any CPU
		{E9F3CEEB-81C1-437F-AA26-10E84137216B}.Release|Any CPU.Build.0 = Release|Any CPU
	EndGlobalSection
	GlobalSection(SolutionProperties) = preSolution
		HideSolutionNode = FALSE
	EndGlobalSection
	GlobalSection(ExtensibilityGlobals) = postSolution
		SolutionGuid = {1BE48798-C089-482A-A4BD-6500F79BC499}
	EndGlobalSection
EndGlobal
