
Microsoft Visual Studio Solution File, Format Version 12.00
# Visual Studio 15
VisualStudioVersion = 15.0.28010.2041
MinimumVisualStudioVersion = 10.0.40219.1
Project("{FAE04EC0-301F-11D3-BF4B-00C04F79EFBC}") = "AVeryBigSum", "AVeryBigSum\AVeryBigSum.csproj", "{F7BA9914-2443-4BF2-BAFB-7530D5F2721C}"
EndProject
Global
	GlobalSection(SolutionConfigurationPlatforms) = preSolution
		Debug|Any CPU = Debug|Any CPU
		Release|Any CPU = Release|Any CPU
	EndGlobalSection
	GlobalSection(ProjectConfigurationPlatforms) = postSolution
		{F7BA9914-2443-4BF2-BAFB-7530D5F2721C}.Debug|Any CPU.ActiveCfg = Debug|Any CPU
		{F7BA9914-2443-4BF2-BAFB-7530D5F2721C}.Debug|Any CPU.Build.0 = Debug|Any CPU
		{F7BA9914-2443-4BF2-BAFB-7530D5F2721C}.Release|Any CPU.ActiveCfg = Release|Any CPU
		{F7BA9914-2443-4BF2-BAFB-7530D5F2721C}.Release|Any CPU.Build.0 = Release|Any CPU
	EndGlobalSection
	GlobalSection(SolutionProperties) = preSolution
		HideSolutionNode = FALSE
	EndGlobalSection
	GlobalSection(ExtensibilityGlobals) = postSolution
		SolutionGuid = {B9E41B3D-F77B-4075-9A9F-ECCFF2CA9D0D}
	EndGlobalSection
EndGlobal
