
Microsoft Visual Studio Solution File, Format Version 12.00
# Visual Studio 15
VisualStudioVersion = 15.0.28010.2041
MinimumVisualStudioVersion = 10.0.40219.1
Project("{FAE04EC0-301F-11D3-BF4B-00C04F79EFBC}") = "Arrays-DS", "Arrays-DS\Arrays-DS.csproj", "{810F16FB-57B3-4A99-A309-C730D22BFA57}"
EndProject
Global
	GlobalSection(SolutionConfigurationPlatforms) = preSolution
		Debug|Any CPU = Debug|Any CPU
		Release|Any CPU = Release|Any CPU
	EndGlobalSection
	GlobalSection(ProjectConfigurationPlatforms) = postSolution
		{810F16FB-57B3-4A99-A309-C730D22BFA57}.Debug|Any CPU.ActiveCfg = Debug|Any CPU
		{810F16FB-57B3-4A99-A309-C730D22BFA57}.Debug|Any CPU.Build.0 = Debug|Any CPU
		{810F16FB-57B3-4A99-A309-C730D22BFA57}.Release|Any CPU.ActiveCfg = Release|Any CPU
		{810F16FB-57B3-4A99-A309-C730D22BFA57}.Release|Any CPU.Build.0 = Release|Any CPU
	EndGlobalSection
	GlobalSection(SolutionProperties) = preSolution
		HideSolutionNode = FALSE
	EndGlobalSection
	GlobalSection(ExtensibilityGlobals) = postSolution
		SolutionGuid = {F4AC15F7-FBBC-4438-8960-C7E3B77D3404}
	EndGlobalSection
EndGlobal
