
Microsoft Visual Studio Solution File, Format Version 12.00
# Visual Studio 15
VisualStudioVersion = 15.0.28010.2041
MinimumVisualStudioVersion = 10.0.40219.1
Project("{FAE04EC0-301F-11D3-BF4B-00C04F79EFBC}") = "Day5Loops", "Day5Loops\Day5Loops.csproj", "{2BBCF636-6A15-4A7E-92A3-92C4E95C4965}"
EndProject
Global
	GlobalSection(SolutionConfigurationPlatforms) = preSolution
		Debug|Any CPU = Debug|Any CPU
		Release|Any CPU = Release|Any CPU
	EndGlobalSection
	GlobalSection(ProjectConfigurationPlatforms) = postSolution
		{2BBCF636-6A15-4A7E-92A3-92C4E95C4965}.Debug|Any CPU.ActiveCfg = Debug|Any CPU
		{2BBCF636-6A15-4A7E-92A3-92C4E95C4965}.Debug|Any CPU.Build.0 = Debug|Any CPU
		{2BBCF636-6A15-4A7E-92A3-92C4E95C4965}.Release|Any CPU.ActiveCfg = Release|Any CPU
		{2BBCF636-6A15-4A7E-92A3-92C4E95C4965}.Release|Any CPU.Build.0 = Release|Any CPU
	EndGlobalSection
	GlobalSection(SolutionProperties) = preSolution
		HideSolutionNode = FALSE
	EndGlobalSection
	GlobalSection(ExtensibilityGlobals) = postSolution
		SolutionGuid = {1A07C30A-A30F-4140-BB8F-6AB267105FD4}
	EndGlobalSection
EndGlobal
