
Microsoft Visual Studio Solution File, Format Version 12.00
# Visual Studio 15
VisualStudioVersion = 15.0.28010.2041
MinimumVisualStudioVersion = 10.0.40219.1
Project("{FAE04EC0-301F-11D3-BF4B-00C04F79EFBC}") = "Mini-Max Sum", "Mini-Max Sum\Mini-Max Sum.csproj", "{8D9602E1-EE1B-478A-8C7E-CC1430FCDF95}"
EndProject
Global
	GlobalSection(SolutionConfigurationPlatforms) = preSolution
		Debug|Any CPU = Debug|Any CPU
		Release|Any CPU = Release|Any CPU
	EndGlobalSection
	GlobalSection(ProjectConfigurationPlatforms) = postSolution
		{8D9602E1-EE1B-478A-8C7E-CC1430FCDF95}.Debug|Any CPU.ActiveCfg = Debug|Any CPU
		{8D9602E1-EE1B-478A-8C7E-CC1430FCDF95}.Debug|Any CPU.Build.0 = Debug|Any CPU
		{8D9602E1-EE1B-478A-8C7E-CC1430FCDF95}.Release|Any CPU.ActiveCfg = Release|Any CPU
		{8D9602E1-EE1B-478A-8C7E-CC1430FCDF95}.Release|Any CPU.Build.0 = Release|Any CPU
	EndGlobalSection
	GlobalSection(SolutionProperties) = preSolution
		HideSolutionNode = FALSE
	EndGlobalSection
	GlobalSection(ExtensibilityGlobals) = postSolution
		SolutionGuid = {8DBFE7CE-0249-4DD6-A0C4-64C3F56F1ECE}
	EndGlobalSection
EndGlobal
