
Microsoft Visual Studio Solution File, Format Version 12.00
# Visual Studio 15
VisualStudioVersion = 15.0.28010.2041
MinimumVisualStudioVersion = 10.0.40219.1
Project("{FAE04EC0-301F-11D3-BF4B-00C04F79EFBC}") = "Day15LinkedList", "Day15LinkedList\Day15LinkedList.csproj", "{F2700B90-0574-4C3B-A462-9353E28084C5}"
EndProject
Global
	GlobalSection(SolutionConfigurationPlatforms) = preSolution
		Debug|Any CPU = Debug|Any CPU
		Release|Any CPU = Release|Any CPU
	EndGlobalSection
	GlobalSection(ProjectConfigurationPlatforms) = postSolution
		{F2700B90-0574-4C3B-A462-9353E28084C5}.Debug|Any CPU.ActiveCfg = Debug|Any CPU
		{F2700B90-0574-4C3B-A462-9353E28084C5}.Debug|Any CPU.Build.0 = Debug|Any CPU
		{F2700B90-0574-4C3B-A462-9353E28084C5}.Release|Any CPU.ActiveCfg = Release|Any CPU
		{F2700B90-0574-4C3B-A462-9353E28084C5}.Release|Any CPU.Build.0 = Release|Any CPU
	EndGlobalSection
	GlobalSection(SolutionProperties) = preSolution
		HideSolutionNode = FALSE
	EndGlobalSection
	GlobalSection(ExtensibilityGlobals) = postSolution
		SolutionGuid = {D970BAEF-FB50-4639-97B4-5F6DC4EE8454}
	EndGlobalSection
EndGlobal
