
Microsoft Visual Studio Solution File, Format Version 12.00
# Visual Studio 15
VisualStudioVersion = 15.0.28010.2041
MinimumVisualStudioVersion = 10.0.40219.1
Project("{FAE04EC0-301F-11D3-BF4B-00C04F79EFBC}") = "RepeatedString", "RepeatedString\RepeatedString.csproj", "{58D784AB-4DA8-4F28-A4B5-404542828AD2}"
EndProject
Global
	GlobalSection(SolutionConfigurationPlatforms) = preSolution
		Debug|Any CPU = Debug|Any CPU
		Release|Any CPU = Release|Any CPU
	EndGlobalSection
	GlobalSection(ProjectConfigurationPlatforms) = postSolution
		{58D784AB-4DA8-4F28-A4B5-404542828AD2}.Debug|Any CPU.ActiveCfg = Debug|Any CPU
		{58D784AB-4DA8-4F28-A4B5-404542828AD2}.Debug|Any CPU.Build.0 = Debug|Any CPU
		{58D784AB-4DA8-4F28-A4B5-404542828AD2}.Release|Any CPU.ActiveCfg = Release|Any CPU
		{58D784AB-4DA8-4F28-A4B5-404542828AD2}.Release|Any CPU.Build.0 = Release|Any CPU
	EndGlobalSection
	GlobalSection(SolutionProperties) = preSolution
		HideSolutionNode = FALSE
	EndGlobalSection
	GlobalSection(ExtensibilityGlobals) = postSolution
		SolutionGuid = {570153C5-BB4E-4456-A529-3D3EA0F1AD3A}
	EndGlobalSection
EndGlobal
