
Microsoft Visual Studio Solution File, Format Version 12.00
# Visual Studio 15
VisualStudioVersion = 15.0.28010.2041
MinimumVisualStudioVersion = 10.0.40219.1
Project("{FAE04EC0-301F-11D3-BF4B-00C04F79EFBC}") = "Day20Sorting", "Day20Sorting\Day20Sorting.csproj", "{C08F9FFF-C4AA-4E2C-8378-99E1B130A858}"
EndProject
Global
	GlobalSection(SolutionConfigurationPlatforms) = preSolution
		Debug|Any CPU = Debug|Any CPU
		Release|Any CPU = Release|Any CPU
	EndGlobalSection
	GlobalSection(ProjectConfigurationPlatforms) = postSolution
		{C08F9FFF-C4AA-4E2C-8378-99E1B130A858}.Debug|Any CPU.ActiveCfg = Debug|Any CPU
		{C08F9FFF-C4AA-4E2C-8378-99E1B130A858}.Debug|Any CPU.Build.0 = Debug|Any CPU
		{C08F9FFF-C4AA-4E2C-8378-99E1B130A858}.Release|Any CPU.ActiveCfg = Release|Any CPU
		{C08F9FFF-C4AA-4E2C-8378-99E1B130A858}.Release|Any CPU.Build.0 = Release|Any CPU
	EndGlobalSection
	GlobalSection(SolutionProperties) = preSolution
		HideSolutionNode = FALSE
	EndGlobalSection
	GlobalSection(ExtensibilityGlobals) = postSolution
		SolutionGuid = {ADD4747A-10ED-4CFB-9480-C37FC3074D8B}
	EndGlobalSection
EndGlobal
